
Microsoft Visual Studio Solution File, Format Version 12.00
# Visual Studio Version 16
VisualStudioVersion = 16.0.29613.14
MinimumVisualStudioVersion = 10.0.40219.1
Project("{FAE04EC0-301F-11D3-BF4B-00C04F79EFBC}") = "CustomUserIdentity", "CustomUserIdentity.csproj", "{1D17B629-23A6-4383-921D-1B3AC5D499D9}"
EndProject
Global
	GlobalSection(SolutionConfigurationPlatforms) = preSolution
		Debug|Any CPU = Debug|Any CPU
		Release|Any CPU = Release|Any CPU
	EndGlobalSection
	GlobalSection(ProjectConfigurationPlatforms) = postSolution
		{1D17B629-23A6-4383-921D-1B3AC5D499D9}.Debug|Any CPU.ActiveCfg = Debug|Any CPU
		{1D17B629-23A6-4383-921D-1B3AC5D499D9}.Debug|Any CPU.Build.0 = Debug|Any CPU
		{1D17B629-23A6-4383-921D-1B3AC5D499D9}.Release|Any CPU.ActiveCfg = Release|Any CPU
		{1D17B629-23A6-4383-921D-1B3AC5D499D9}.Release|Any CPU.Build.0 = Release|Any CPU
	EndGlobalSection
	GlobalSection(SolutionProperties) = preSolution
		HideSolutionNode = FALSE
	EndGlobalSection
	GlobalSection(ExtensibilityGlobals) = postSolution
		SolutionGuid = {36CF94A3-3A53-4BEE-867C-0995F7231086}
	EndGlobalSection
EndGlobal
